// !$*UTF8*$!
{
	archiveVersion = 1;
	classes = {
	};
	objectVersion = 46;
	objects = {

/* Begin PBXBuildFile section */
		E63D88E8148141F000F15E16 /* UIKit.framework in Frameworks */ = {isa = PBXBuildFile; fileRef = E63D88E7148141F000F15E16 /* UIKit.framework */; };
		E63D88EA148141F000F15E16 /* Foundation.framework in Frameworks */ = {isa = PBXBuildFile; fileRef = E63D88E9148141F000F15E16 /* Foundation.framework */; };
		E63D88EC148141F000F15E16 /* CoreGraphics.framework in Frameworks */ = {isa = PBXBuildFile; fileRef = E63D88EB148141F000F15E16 /* CoreGraphics.framework */; };
		E63D8900148141F000F15E16 /* SenTestingKit.framework in Frameworks */ = {isa = PBXBuildFile; fileRef = E63D88FF148141F000F15E16 /* SenTestingKit.framework */; };
		E63D8901148141F000F15E16 /* UIKit.framework in Frameworks */ = {isa = PBXBuildFile; fileRef = E63D88E7148141F000F15E16 /* UIKit.framework */; };
		E63D8902148141F000F15E16 /* Foundation.framework in Frameworks */ = {isa = PBXBuildFile; fileRef = E63D88E9148141F000F15E16 /* Foundation.framework */; };
		E63D890A148141F000F15E16 /* InfoPlist.strings in Resources */ = {isa = PBXBuildFile; fileRef = E63D8908148141F000F15E16 /* InfoPlist.strings */; };
		E63D890D148141F000F15E16 /* RDHTTPTests.m in Sources */ = {isa = PBXBuildFile; fileRef = E63D890C148141F000F15E16 /* RDHTTPTests.m */; };
		E63D89181481422D00F15E16 /* RDHTTP.m in Sources */ = {isa = PBXBuildFile; fileRef = E63D89171481422D00F15E16 /* RDHTTP.m */; };
		E6462FBF14A11052006D44AF /* IMG_0045.jpg in Resources */ = {isa = PBXBuildFile; fileRef = E6462FBE14A11052006D44AF /* IMG_0045.jpg */; };
		E660EBD114BA5988000A94C6 /* RDHTTPDemoRoot.m in Sources */ = {isa = PBXBuildFile; fileRef = E660EBD014BA5988000A94C6 /* RDHTTPDemoRoot.m */; };
		E660EBD514BA5EE4000A94C6 /* RDHTTPImageLoadDemo.m in Sources */ = {isa = PBXBuildFile; fileRef = E660EBD414BA5EE4000A94C6 /* RDHTTPImageLoadDemo.m */; };
		E6AF240A14A2220700D1E01F /* MobileCoreServices.framework in Frameworks */ = {isa = PBXBuildFile; fileRef = E6AF240914A2220700D1E01F /* MobileCoreServices.framework */; };
		E6AF240F14A229BB00D1E01F /* Earphones_UG.pdf in Resources */ = {isa = PBXBuildFile; fileRef = E6AF240E14A229BB00D1E01F /* Earphones_UG.pdf */; };
		E6AF241114A2338700D1E01F /* cakephp-cakephp-2.0.3-0-gde5a4ea.zip in Resources */ = {isa = PBXBuildFile; fileRef = E6AF241014A2338700D1E01F /* cakephp-cakephp-2.0.3-0-gde5a4ea.zip */; };
		E6CD8FAB14B64839006B2A22 /* RDHTTPAppDelegate.m in Sources */ = {isa = PBXBuildFile; fileRef = E6CD8FAA14B64839006B2A22 /* RDHTTPAppDelegate.m */; };
		E6CD8FB214B6484F006B2A22 /* InfoPlist.strings in Resources */ = {isa = PBXBuildFile; fileRef = E6CD8FAD14B6484F006B2A22 /* InfoPlist.strings */; };
		E6CD8FB314B6484F006B2A22 /* main.m in Sources */ = {isa = PBXBuildFile; fileRef = E6CD8FAF14B6484F006B2A22 /* main.m */; };
/* End PBXBuildFile section */

/* Begin PBXContainerItemProxy section */
		E63D8903148141F000F15E16 /* PBXContainerItemProxy */ = {
			isa = PBXContainerItemProxy;
			containerPortal = E63D88DA148141F000F15E16 /* Project object */;
			proxyType = 1;
			remoteGlobalIDString = E63D88E2148141F000F15E16;
			remoteInfo = RDHTTP;
		};
/* End PBXContainerItemProxy section */

/* Begin PBXFileReference section */
		E63D88E3148141F000F15E16 /* RDHTTP.app */ = {isa = PBXFileReference; explicitFileType = wrapper.application; includeInIndex = 0; path = RDHTTP.app; sourceTree = BUILT_PRODUCTS_DIR; };
		E63D88E7148141F000F15E16 /* UIKit.framework */ = {isa = PBXFileReference; lastKnownFileType = wrapper.framework; name = UIKit.framework; path = System/Library/Frameworks/UIKit.framework; sourceTree = SDKROOT; };
		E63D88E9148141F000F15E16 /* Foundation.framework */ = {isa = PBXFileReference; lastKnownFileType = wrapper.framework; name = Foundation.framework; path = System/Library/Frameworks/Foundation.framework; sourceTree = SDKROOT; };
		E63D88EB148141F000F15E16 /* CoreGraphics.framework */ = {isa = PBXFileReference; lastKnownFileType = wrapper.framework; name = CoreGraphics.framework; path = System/Library/Frameworks/CoreGraphics.framework; sourceTree = SDKROOT; };
		E63D88FE148141F000F15E16 /* RDHTTPTests.octest */ = {isa = PBXFileReference; explicitFileType = wrapper.cfbundle; includeInIndex = 0; path = RDHTTPTests.octest; sourceTree = BUILT_PRODUCTS_DIR; };
		E63D88FF148141F000F15E16 /* SenTestingKit.framework */ = {isa = PBXFileReference; lastKnownFileType = wrapper.framework; name = SenTestingKit.framework; path = Library/Frameworks/SenTestingKit.framework; sourceTree = DEVELOPER_DIR; };
		E63D8907148141F000F15E16 /* RDHTTPTests-Info.plist */ = {isa = PBXFileReference; lastKnownFileType = text.plist.xml; path = "RDHTTPTests-Info.plist"; sourceTree = "<group>"; };
		E63D8909148141F000F15E16 /* en */ = {isa = PBXFileReference; lastKnownFileType = text.plist.strings; name = en; path = en.lproj/InfoPlist.strings; sourceTree = "<group>"; };
		E63D890B148141F000F15E16 /* RDHTTPTests.h */ = {isa = PBXFileReference; lastKnownFileType = sourcecode.c.h; path = RDHTTPTests.h; sourceTree = "<group>"; };
		E63D890C148141F000F15E16 /* RDHTTPTests.m */ = {isa = PBXFileReference; lastKnownFileType = sourcecode.c.objc; path = RDHTTPTests.m; sourceTree = "<group>"; };
		E63D89161481422D00F15E16 /* RDHTTP.h */ = {isa = PBXFileReference; fileEncoding = 4; lastKnownFileType = sourcecode.c.h; path = RDHTTP.h; sourceTree = "<group>"; };
		E63D89171481422D00F15E16 /* RDHTTP.m */ = {isa = PBXFileReference; fileEncoding = 4; lastKnownFileType = sourcecode.c.objc; path = RDHTTP.m; sourceTree = "<group>"; };
		E6462FBE14A11052006D44AF /* IMG_0045.jpg */ = {isa = PBXFileReference; lastKnownFileType = image.jpeg; path = IMG_0045.jpg; sourceTree = "<group>"; };
		E660EBCF14BA5988000A94C6 /* RDHTTPDemoRoot.h */ = {isa = PBXFileReference; fileEncoding = 4; lastKnownFileType = sourcecode.c.h; name = RDHTTPDemoRoot.h; path = DemoAppFiles/RDHTTPDemoRoot.h; sourceTree = "<group>"; };
		E660EBD014BA5988000A94C6 /* RDHTTPDemoRoot.m */ = {isa = PBXFileReference; fileEncoding = 4; lastKnownFileType = sourcecode.c.objc; name = RDHTTPDemoRoot.m; path = DemoAppFiles/RDHTTPDemoRoot.m; sourceTree = "<group>"; };
		E660EBD314BA5EE4000A94C6 /* RDHTTPImageLoadDemo.h */ = {isa = PBXFileReference; fileEncoding = 4; lastKnownFileType = sourcecode.c.h; name = RDHTTPImageLoadDemo.h; path = DemoAppFiles/RDHTTPImageLoadDemo.h; sourceTree = "<group>"; };
		E660EBD414BA5EE4000A94C6 /* RDHTTPImageLoadDemo.m */ = {isa = PBXFileReference; fileEncoding = 4; lastKnownFileType = sourcecode.c.objc; name = RDHTTPImageLoadDemo.m; path = DemoAppFiles/RDHTTPImageLoadDemo.m; sourceTree = "<group>"; };
		E6AF240914A2220700D1E01F /* MobileCoreServices.framework */ = {isa = PBXFileReference; lastKnownFileType = wrapper.framework; name = MobileCoreServices.framework; path = System/Library/Frameworks/MobileCoreServices.framework; sourceTree = SDKROOT; };
		E6AF240E14A229BB00D1E01F /* Earphones_UG.pdf */ = {isa = PBXFileReference; lastKnownFileType = image.pdf; path = Earphones_UG.pdf; sourceTree = "<group>"; };
		E6AF241014A2338700D1E01F /* cakephp-cakephp-2.0.3-0-gde5a4ea.zip */ = {isa = PBXFileReference; lastKnownFileType = archive.zip; path = "cakephp-cakephp-2.0.3-0-gde5a4ea.zip"; sourceTree = "<group>"; };
		E6B5DF0314A2977200650FE1 /* readme.markdown */ = {isa = PBXFileReference; fileEncoding = 4; lastKnownFileType = text; path = readme.markdown; sourceTree = "<group>"; };
		E6CD8FA914B64839006B2A22 /* RDHTTPAppDelegate.h */ = {isa = PBXFileReference; fileEncoding = 4; lastKnownFileType = sourcecode.c.h; name = RDHTTPAppDelegate.h; path = DemoAppFiles/RDHTTPAppDelegate.h; sourceTree = SOURCE_ROOT; };
		E6CD8FAA14B64839006B2A22 /* RDHTTPAppDelegate.m */ = {isa = PBXFileReference; fileEncoding = 4; lastKnownFileType = sourcecode.c.objc; name = RDHTTPAppDelegate.m; path = DemoAppFiles/RDHTTPAppDelegate.m; sourceTree = SOURCE_ROOT; };
		E6CD8FAE14B6484F006B2A22 /* en */ = {isa = PBXFileReference; lastKnownFileType = text.plist.strings; name = en; path = InfoPlist.strings; sourceTree = "<group>"; };
		E6CD8FAF14B6484F006B2A22 /* main.m */ = {isa = PBXFileReference; fileEncoding = 4; lastKnownFileType = sourcecode.c.objc; name = main.m; path = DemoAppFiles/main.m; sourceTree = SOURCE_ROOT; };
		E6CD8FB014B6484F006B2A22 /* RDHTTP-Info.plist */ = {isa = PBXFileReference; fileEncoding = 4; lastKnownFileType = text.plist.xml; name = "RDHTTP-Info.plist"; path = "DemoAppFiles/RDHTTP-Info.plist"; sourceTree = SOURCE_ROOT; };
		E6CD8FB114B6484F006B2A22 /* RDHTTP-Prefix.pch */ = {isa = PBXFileReference; fileEncoding = 4; lastKnownFileType = sourcecode.c.h; name = "RDHTTP-Prefix.pch"; path = "DemoAppFiles/RDHTTP-Prefix.pch"; sourceTree = SOURCE_ROOT; };
/* End PBXFileReference section */

/* Begin PBXFrameworksBuildPhase section */
		E63D88E0148141F000F15E16 /* Frameworks */ = {
			isa = PBXFrameworksBuildPhase;
			buildActionMask = 2147483647;
			files = (
				E6AF240A14A2220700D1E01F /* MobileCoreServices.framework in Frameworks */,
				E63D88E8148141F000F15E16 /* UIKit.framework in Frameworks */,
				E63D88EA148141F000F15E16 /* Foundation.framework in Frameworks */,
				E63D88EC148141F000F15E16 /* CoreGraphics.framework in Frameworks */,
			);
			runOnlyForDeploymentPostprocessing = 0;
		};
		E63D88FA148141F000F15E16 /* Frameworks */ = {
			isa = PBXFrameworksBuildPhase;
			buildActionMask = 2147483647;
			files = (
				E63D8900148141F000F15E16 /* SenTestingKit.framework in Frameworks */,
				E63D8901148141F000F15E16 /* UIKit.framework in Frameworks */,
				E63D8902148141F000F15E16 /* Foundation.framework in Frameworks */,
			);
			runOnlyForDeploymentPostprocessing = 0;
		};
/* End PBXFrameworksBuildPhase section */

/* Begin PBXGroup section */
		E63D88D8148141F000F15E16 = {
			isa = PBXGroup;
			children = (
				E6B5DF0314A2977200650FE1 /* readme.markdown */,
				E660EBCA14BA5824000A94C6 /* DemoApp */,
				E63D88ED148141F000F15E16 /* RDHTTP */,
				E63D8905148141F000F15E16 /* RDHTTPTests */,
				E63D88E6148141F000F15E16 /* Frameworks */,
				E63D88E4148141F000F15E16 /* Products */,
			);
			sourceTree = "<group>";
		};
		E63D88E4148141F000F15E16 /* Products */ = {
			isa = PBXGroup;
			children = (
				E63D88E3148141F000F15E16 /* RDHTTP.app */,
				E63D88FE148141F000F15E16 /* RDHTTPTests.octest */,
			);
			name = Products;
			sourceTree = "<group>";
		};
		E63D88E6148141F000F15E16 /* Frameworks */ = {
			isa = PBXGroup;
			children = (
				E6AF240914A2220700D1E01F /* MobileCoreServices.framework */,
				E63D88E7148141F000F15E16 /* UIKit.framework */,
				E63D88E9148141F000F15E16 /* Foundation.framework */,
				E63D88EB148141F000F15E16 /* CoreGraphics.framework */,
				E63D88FF148141F000F15E16 /* SenTestingKit.framework */,
			);
			name = Frameworks;
			sourceTree = "<group>";
		};
		E63D88ED148141F000F15E16 /* RDHTTP */ = {
			isa = PBXGroup;
			children = (
				E63D89161481422D00F15E16 /* RDHTTP.h */,
				E63D89171481422D00F15E16 /* RDHTTP.m */,
			);
			path = RDHTTP;
			sourceTree = "<group>";
		};
		E63D88EE148141F000F15E16 /* Supporting Files */ = {
			isa = PBXGroup;
			children = (
				E6CD8FAF14B6484F006B2A22 /* main.m */,
				E6CD8FB014B6484F006B2A22 /* RDHTTP-Info.plist */,
				E6CD8FB114B6484F006B2A22 /* RDHTTP-Prefix.pch */,
			);
			name = "Supporting Files";
			path = RDHTTP;
			sourceTree = "<group>";
		};
		E63D8905148141F000F15E16 /* RDHTTPTests */ = {
			isa = PBXGroup;
			children = (
				E63D890B148141F000F15E16 /* RDHTTPTests.h */,
				E63D890C148141F000F15E16 /* RDHTTPTests.m */,
				E63D8906148141F000F15E16 /* Supporting Files */,
			);
			path = RDHTTPTests;
			sourceTree = "<group>";
		};
		E63D8906148141F000F15E16 /* Supporting Files */ = {
			isa = PBXGroup;
			children = (
				E6AF241014A2338700D1E01F /* cakephp-cakephp-2.0.3-0-gde5a4ea.zip */,
				E6AF240E14A229BB00D1E01F /* Earphones_UG.pdf */,
				E6462FBE14A11052006D44AF /* IMG_0045.jpg */,
				E63D8907148141F000F15E16 /* RDHTTPTests-Info.plist */,
				E63D8908148141F000F15E16 /* InfoPlist.strings */,
			);
			name = "Supporting Files";
			sourceTree = "<group>";
		};
		E660EBCA14BA5824000A94C6 /* DemoApp */ = {
			isa = PBXGroup;
			children = (
				E6CD8FA914B64839006B2A22 /* RDHTTPAppDelegate.h */,
				E6CD8FAA14B64839006B2A22 /* RDHTTPAppDelegate.m */,
				E63D88EE148141F000F15E16 /* Supporting Files */,
				E6CD8FAC14B6484F006B2A22 /* en.lproj */,
				E660EBCF14BA5988000A94C6 /* RDHTTPDemoRoot.h */,
				E660EBD014BA5988000A94C6 /* RDHTTPDemoRoot.m */,
				E660EBD314BA5EE4000A94C6 /* RDHTTPImageLoadDemo.h */,
				E660EBD414BA5EE4000A94C6 /* RDHTTPImageLoadDemo.m */,
			);
			name = DemoApp;
			sourceTree = "<group>";
		};
		E6CD8FAC14B6484F006B2A22 /* en.lproj */ = {
			isa = PBXGroup;
			children = (
				E6CD8FAD14B6484F006B2A22 /* InfoPlist.strings */,
			);
			name = en.lproj;
			path = DemoAppFiles/en.lproj;
			sourceTree = SOURCE_ROOT;
		};
/* End PBXGroup section */

/* Begin PBXNativeTarget section */
		E63D88E2148141F000F15E16 /* RDHTTP */ = {
			isa = PBXNativeTarget;
			buildConfigurationList = E63D8910148141F000F15E16 /* Build configuration list for PBXNativeTarget "RDHTTP" */;
			buildPhases = (
				E63D88DF148141F000F15E16 /* Sources */,
				E63D88E0148141F000F15E16 /* Frameworks */,
				E63D88E1148141F000F15E16 /* Resources */,
			);
			buildRules = (
			);
			dependencies = (
			);
			name = RDHTTP;
			productName = RDHTTP;
			productReference = E63D88E3148141F000F15E16 /* RDHTTP.app */;
			productType = "com.apple.product-type.application";
		};
		E63D88FD148141F000F15E16 /* RDHTTPTests */ = {
			isa = PBXNativeTarget;
			buildConfigurationList = E63D8913148141F000F15E16 /* Build configuration list for PBXNativeTarget "RDHTTPTests" */;
			buildPhases = (
				E63D88F9148141F000F15E16 /* Sources */,
				E63D88FA148141F000F15E16 /* Frameworks */,
				E63D88FB148141F000F15E16 /* Resources */,
				E63D88FC148141F000F15E16 /* ShellScript */,
			);
			buildRules = (
			);
			dependencies = (
				E63D8904148141F000F15E16 /* PBXTargetDependency */,
			);
			name = RDHTTPTests;
			productName = RDHTTPTests;
			productReference = E63D88FE148141F000F15E16 /* RDHTTPTests.octest */;
			productType = "com.apple.product-type.bundle";
		};
/* End PBXNativeTarget section */

/* Begin PBXProject section */
		E63D88DA148141F000F15E16 /* Project object */ = {
			isa = PBXProject;
			attributes = {
				LastUpgradeCheck = 0420;
				ORGANIZATIONNAME = Readdle;
			};
			buildConfigurationList = E63D88DD148141F000F15E16 /* Build configuration list for PBXProject "RDHTTP" */;
			compatibilityVersion = "Xcode 3.2";
			developmentRegion = English;
			hasScannedForEncodings = 0;
			knownRegions = (
				en,
			);
			mainGroup = E63D88D8148141F000F15E16;
			productRefGroup = E63D88E4148141F000F15E16 /* Products */;
			projectDirPath = "";
			projectRoot = "";
			targets = (
				E63D88E2148141F000F15E16 /* RDHTTP */,
				E63D88FD148141F000F15E16 /* RDHTTPTests */,
			);
		};
/* End PBXProject section */

/* Begin PBXResourcesBuildPhase section */
		E63D88E1148141F000F15E16 /* Resources */ = {
			isa = PBXResourcesBuildPhase;
			buildActionMask = 2147483647;
			files = (
				E6CD8FB214B6484F006B2A22 /* InfoPlist.strings in Resources */,
			);
			runOnlyForDeploymentPostprocessing = 0;
		};
		E63D88FB148141F000F15E16 /* Resources */ = {
			isa = PBXResourcesBuildPhase;
			buildActionMask = 2147483647;
			files = (
				E63D890A148141F000F15E16 /* InfoPlist.strings in Resources */,
				E6462FBF14A11052006D44AF /* IMG_0045.jpg in Resources */,
				E6AF240F14A229BB00D1E01F /* Earphones_UG.pdf in Resources */,
				E6AF241114A2338700D1E01F /* cakephp-cakephp-2.0.3-0-gde5a4ea.zip in Resources */,
			);
			runOnlyForDeploymentPostprocessing = 0;
		};
/* End PBXResourcesBuildPhase section */

/* Begin PBXShellScriptBuildPhase section */
		E63D88FC148141F000F15E16 /* ShellScript */ = {
			isa = PBXShellScriptBuildPhase;
			buildActionMask = 2147483647;
			files = (
			);
			inputPaths = (
			);
			outputPaths = (
			);
			runOnlyForDeploymentPostprocessing = 0;
			shellPath = /bin/sh;
			shellScript = "# Run the unit tests in this test bundle.\n\"${SYSTEM_DEVELOPER_DIR}/Tools/RunUnitTests\"\n";
		};
/* End PBXShellScriptBuildPhase section */

/* Begin PBXSourcesBuildPhase section */
		E63D88DF148141F000F15E16 /* Sources */ = {
			isa = PBXSourcesBuildPhase;
			buildActionMask = 2147483647;
			files = (
				E63D89181481422D00F15E16 /* RDHTTP.m in Sources */,
				E6CD8FAB14B64839006B2A22 /* RDHTTPAppDelegate.m in Sources */,
				E6CD8FB314B6484F006B2A22 /* main.m in Sources */,
				E660EBD114BA5988000A94C6 /* RDHTTPDemoRoot.m in Sources */,
				E660EBD514BA5EE4000A94C6 /* RDHTTPImageLoadDemo.m in Sources */,
			);
			runOnlyForDeploymentPostprocessing = 0;
		};
		E63D88F9148141F000F15E16 /* Sources */ = {
			isa = PBXSourcesBuildPhase;
			buildActionMask = 2147483647;
			files = (
				E63D890D148141F000F15E16 /* RDHTTPTests.m in Sources */,
			);
			runOnlyForDeploymentPostprocessing = 0;
		};
/* End PBXSourcesBuildPhase section */

/* Begin PBXTargetDependency section */
		E63D8904148141F000F15E16 /* PBXTargetDependency */ = {
			isa = PBXTargetDependency;
			target = E63D88E2148141F000F15E16 /* RDHTTP */;
			targetProxy = E63D8903148141F000F15E16 /* PBXContainerItemProxy */;
		};
/* End PBXTargetDependency section */

/* Begin PBXVariantGroup section */
		E63D8908148141F000F15E16 /* InfoPlist.strings */ = {
			isa = PBXVariantGroup;
			children = (
				E63D8909148141F000F15E16 /* en */,
			);
			name = InfoPlist.strings;
			sourceTree = "<group>";
		};
		E6CD8FAD14B6484F006B2A22 /* InfoPlist.strings */ = {
			isa = PBXVariantGroup;
			children = (
				E6CD8FAE14B6484F006B2A22 /* en */,
			);
			name = InfoPlist.strings;
			sourceTree = "<group>";
		};
/* End PBXVariantGroup section */

/* Begin XCBuildConfiguration section */
		E63D890E148141F000F15E16 /* Debug */ = {
			isa = XCBuildConfiguration;
			buildSettings = {
				ALWAYS_SEARCH_USER_PATHS = NO;
				ARCHS = "$(ARCHS_STANDARD_32_BIT)";
				"CODE_SIGN_IDENTITY[sdk=iphoneos*]" = "iPhone Developer";
				COPY_PHASE_STRIP = NO;
				GCC_C_LANGUAGE_STANDARD = gnu99;
				GCC_DYNAMIC_NO_PIC = NO;
				GCC_OPTIMIZATION_LEVEL = 0;
				GCC_PREPROCESSOR_DEFINITIONS = (
					"DEBUG=1",
					"$(inherited)",
				);
				GCC_SYMBOLS_PRIVATE_EXTERN = NO;
				GCC_VERSION = com.apple.compilers.llvm.clang.1_0;
				GCC_WARN_ABOUT_MISSING_PROTOTYPES = YES;
				GCC_WARN_ABOUT_RETURN_TYPE = YES;
				GCC_WARN_UNUSED_VARIABLE = YES;
				IPHONEOS_DEPLOYMENT_TARGET = 5.0;
				SDKROOT = iphoneos;
				TARGETED_DEVICE_FAMILY = "1,2";
			};
			name = Debug;
		};
		E63D890F148141F000F15E16 /* Release */ = {
			isa = XCBuildConfiguration;
			buildSettings = {
				ALWAYS_SEARCH_USER_PATHS = NO;
				ARCHS = "$(ARCHS_STANDARD_32_BIT)";
				"CODE_SIGN_IDENTITY[sdk=iphoneos*]" = "iPhone Developer";
				COPY_PHASE_STRIP = YES;
				GCC_C_LANGUAGE_STANDARD = gnu99;
				GCC_VERSION = com.apple.compilers.llvm.clang.1_0;
				GCC_WARN_ABOUT_MISSING_PROTOTYPES = YES;
				GCC_WARN_ABOUT_RETURN_TYPE = YES;
				GCC_WARN_UNUSED_VARIABLE = YES;
				IPHONEOS_DEPLOYMENT_TARGET = 5.0;
				OTHER_CFLAGS = "-DNS_BLOCK_ASSERTIONS=1";
				SDKROOT = iphoneos;
				TARGETED_DEVICE_FAMILY = "1,2";
				VALIDATE_PRODUCT = YES;
			};
			name = Release;
		};
		E63D8911148141F000F15E16 /* Debug */ = {
			isa = XCBuildConfiguration;
			buildSettings = {
				GCC_PRECOMPILE_PREFIX_HEADER = YES;
				GCC_PREFIX_HEADER = "DemoAppFiles/RDHTTP-Prefix.pch";
				INFOPLIST_FILE = "DemoAppFiles/RDHTTP-Info.plist";
				IPHONEOS_DEPLOYMENT_TARGET = 4.0;
				PRODUCT_NAME = "$(TARGET_NAME)";
				WRAPPER_EXTENSION = app;
			};
			name = Debug;
		};
		E63D8912148141F000F15E16 /* Release */ = {
			isa = XCBuildConfiguration;
			buildSettings = {
				GCC_PRECOMPILE_PREFIX_HEADER = YES;
				GCC_PREFIX_HEADER = "DemoAppFiles/RDHTTP-Prefix.pch";
				INFOPLIST_FILE = "DemoAppFiles/RDHTTP-Info.plist";
				IPHONEOS_DEPLOYMENT_TARGET = 4.0;
				PRODUCT_NAME = "$(TARGET_NAME)";
				WRAPPER_EXTENSION = app;
			};
			name = Release;
		};
		E63D8914148141F000F15E16 /* Debug */ = {
			isa = XCBuildConfiguration;
			buildSettings = {
				BUNDLE_LOADER = "$(BUILT_PRODUCTS_DIR)/RDHTTP.app/RDHTTP";
				FRAMEWORK_SEARCH_PATHS = (
					"$(SDKROOT)/Developer/Library/Frameworks",
					"$(DEVELOPER_LIBRARY_DIR)/Frameworks",
				);
				GCC_PRECOMPILE_PREFIX_HEADER = YES;
				GCC_PREFIX_HEADER = "DemoAppFiles/RDHTTP-Prefix.pch";
				INFOPLIST_FILE = "RDHTTPTests/RDHTTPTests-Info.plist";
				PRODUCT_NAME = "$(TARGET_NAME)";
				TEST_HOST = "$(BUNDLE_LOADER)";
				WRAPPER_EXTENSION = octest;
			};
			name = Debug;
		};
		E63D8915148141F000F15E16 /* Release */ = {
			isa = XCBuildConfiguration;
			buildSettings = {
				BUNDLE_LOADER = "$(BUILT_PRODUCTS_DIR)/RDHTTP.app/RDHTTP";
				FRAMEWORK_SEARCH_PATHS = (
					"$(SDKROOT)/Developer/Library/Frameworks",
					"$(DEVELOPER_LIBRARY_DIR)/Frameworks",
				);
				GCC_PRECOMPILE_PREFIX_HEADER = YES;
				GCC_PREFIX_HEADER = "DemoAppFiles/RDHTTP-Prefix.pch";
				INFOPLIST_FILE = "RDHTTPTests/RDHTTPTests-Info.plist";
				PRODUCT_NAME = "$(TARGET_NAME)";
				TEST_HOST = "$(BUNDLE_LOADER)";
				WRAPPER_EXTENSION = octest;
			};
			name = Release;
		};
/* End XCBuildConfiguration section */

/* Begin XCConfigurationList section */
		E63D88DD148141F000F15E16 /* Build configuration list for PBXProject "RDHTTP" */ = {
			isa = XCConfigurationList;
			buildConfigurations = (
				E63D890E148141F000F15E16 /* Debug */,
				E63D890F148141F000F15E16 /* Release */,
			);
			defaultConfigurationIsVisible = 0;
			defaultConfigurationName = Release;
		};
		E63D8910148141F000F15E16 /* Build configuration list for PBXNativeTarget "RDHTTP" */ = {
			isa = XCConfigurationList;
			buildConfigurations = (
				E63D8911148141F000F15E16 /* Debug */,
				E63D8912148141F000F15E16 /* Release */,
			);
			defaultConfigurationIsVisible = 0;
			defaultConfigurationName = Release;
		};
		E63D8913148141F000F15E16 /* Build configuration list for PBXNativeTarget "RDHTTPTests" */ = {
			isa = XCConfigurationList;
			buildConfigurations = (
				E63D8914148141F000F15E16 /* Debug */,
				E63D8915148141F000F15E16 /* Release */,
			);
			defaultConfigurationIsVisible = 0;
			defaultConfigurationName = Release;
		};
/* End XCConfigurationList section */
	};
	rootObject = E63D88DA148141F000F15E16 /* Project object */;
}
